
Microsoft Visual Studio Solution File, Format Version 12.00
# Visual Studio 14
VisualStudioVersion = 14.0.25420.1
MinimumVisualStudioVersion = 10.0.40219.1
Project("{FAE04EC0-301F-11D3-BF4B-00C04F79EFBC}") = "Training1", "Training1\Training1.csproj", "{1BEDD7A0-8F41-4F29-8ECC-F8EEE2BA9708}"
EndProject
Project("{FAE04EC0-301F-11D3-BF4B-00C04F79EFBC}") = "Training2", "Training2\Training2.csproj", "{7C70E0C4-6346-48F6-8611-9108FB9FFB82}"
EndProject
Project("{FAE04EC0-301F-11D3-BF4B-00C04F79EFBC}") = "RunProject", "RunProject\RunProject.csproj", "{7D77560E-63E3-45A0-9DEE-D3038A080D92}"
EndProject
Project("{FAE04EC0-301F-11D3-BF4B-00C04F79EFBC}") = "Training3", "Training3\Training3.csproj", "{8110C88C-87E8-49CC-B1CF-ECD5BF93DD7A}"
EndProject
Global
	GlobalSection(SolutionConfigurationPlatforms) = preSolution
		Debug|Any CPU = Debug|Any CPU
		Release|Any CPU = Release|Any CPU
	EndGlobalSection
	GlobalSection(ProjectConfigurationPlatforms) = postSolution
		{1BEDD7A0-8F41-4F29-8ECC-F8EEE2BA9708}.Debug|Any CPU.ActiveCfg = Debug|Any CPU
		{1BEDD7A0-8F41-4F29-8ECC-F8EEE2BA9708}.Debug|Any CPU.Build.0 = Debug|Any CPU
		{1BEDD7A0-8F41-4F29-8ECC-F8EEE2BA9708}.Release|Any CPU.ActiveCfg = Release|Any CPU
		{1BEDD7A0-8F41-4F29-8ECC-F8EEE2BA9708}.Release|Any CPU.Build.0 = Release|Any CPU
		{7C70E0C4-6346-48F6-8611-9108FB9FFB82}.Debug|Any CPU.ActiveCfg = Debug|Any CPU
		{7C70E0C4-6346-48F6-8611-9108FB9FFB82}.Debug|Any CPU.Build.0 = Debug|Any CPU
		{7C70E0C4-6346-48F6-8611-9108FB9FFB82}.Release|Any CPU.ActiveCfg = Release|Any CPU
		{7C70E0C4-6346-48F6-8611-9108FB9FFB82}.Release|Any CPU.Build.0 = Release|Any CPU
		{7D77560E-63E3-45A0-9DEE-D3038A080D92}.Debug|Any CPU.ActiveCfg = Debug|Any CPU
		{7D77560E-63E3-45A0-9DEE-D3038A080D92}.Debug|Any CPU.Build.0 = Debug|Any CPU
		{7D77560E-63E3-45A0-9DEE-D3038A080D92}.Release|Any CPU.ActiveCfg = Release|Any CPU
		{7D77560E-63E3-45A0-9DEE-D3038A080D92}.Release|Any CPU.Build.0 = Release|Any CPU
		{8110C88C-87E8-49CC-B1CF-ECD5BF93DD7A}.Debug|Any CPU.ActiveCfg = Debug|Any CPU
		{8110C88C-87E8-49CC-B1CF-ECD5BF93DD7A}.Debug|Any CPU.Build.0 = Debug|Any CPU
		{8110C88C-87E8-49CC-B1CF-ECD5BF93DD7A}.Release|Any CPU.ActiveCfg = Release|Any CPU
		{8110C88C-87E8-49CC-B1CF-ECD5BF93DD7A}.Release|Any CPU.Build.0 = Release|Any CPU
	EndGlobalSection
	GlobalSection(SolutionProperties) = preSolution
		HideSolutionNode = FALSE
	EndGlobalSection
EndGlobal
